// !$*UTF8*$!
{
	archiveVersion = 1;
	classes = {
	};
	objectVersion = 46;
	objects = {

/* Begin PBXBuildFile section */
		3969663613D3638D00DAA54B /* CGGeometry-KIFAdditions.h in Headers */ = {isa = PBXBuildFile; fileRef = 3969661D13D3638D00DAA54B /* CGGeometry-KIFAdditions.h */; settings = {ATTRIBUTES = (Public, ); }; };
		3969663713D3638D00DAA54B /* CGGeometry-KIFAdditions.m in Sources */ = {isa = PBXBuildFile; fileRef = 3969661E13D3638D00DAA54B /* CGGeometry-KIFAdditions.m */; };
		3969663813D3638D00DAA54B /* LoadableCategory.h in Headers */ = {isa = PBXBuildFile; fileRef = 3969661F13D3638D00DAA54B /* LoadableCategory.h */; settings = {ATTRIBUTES = (Public, ); }; };
		3969663913D3638D00DAA54B /* NSFileManager-KIFAdditions.h in Headers */ = {isa = PBXBuildFile; fileRef = 3969662013D3638D00DAA54B /* NSFileManager-KIFAdditions.h */; settings = {ATTRIBUTES = (Public, ); }; };
		3969663A13D3638D00DAA54B /* NSFileManager-KIFAdditions.m in Sources */ = {isa = PBXBuildFile; fileRef = 3969662113D3638D00DAA54B /* NSFileManager-KIFAdditions.m */; };
		3969663B13D3638D00DAA54B /* UIAccessibilityElement-KIFAdditions.h in Headers */ = {isa = PBXBuildFile; fileRef = 3969662213D3638D00DAA54B /* UIAccessibilityElement-KIFAdditions.h */; settings = {ATTRIBUTES = (Public, ); }; };
		3969663C13D3638D00DAA54B /* UIAccessibilityElement-KIFAdditions.m in Sources */ = {isa = PBXBuildFile; fileRef = 3969662313D3638D00DAA54B /* UIAccessibilityElement-KIFAdditions.m */; };
		3969663D13D3638D00DAA54B /* UIApplication-KIFAdditions.h in Headers */ = {isa = PBXBuildFile; fileRef = 3969662413D3638D00DAA54B /* UIApplication-KIFAdditions.h */; settings = {ATTRIBUTES = (Public, ); }; };
		3969663E13D3638D00DAA54B /* UIApplication-KIFAdditions.m in Sources */ = {isa = PBXBuildFile; fileRef = 3969662513D3638D00DAA54B /* UIApplication-KIFAdditions.m */; };
		3969663F13D3638D00DAA54B /* UIScrollView-KIFAdditions.h in Headers */ = {isa = PBXBuildFile; fileRef = 3969662613D3638D00DAA54B /* UIScrollView-KIFAdditions.h */; settings = {ATTRIBUTES = (Public, ); }; };
		3969664013D3638D00DAA54B /* UIScrollView-KIFAdditions.m in Sources */ = {isa = PBXBuildFile; fileRef = 3969662713D3638D00DAA54B /* UIScrollView-KIFAdditions.m */; };
		3969664113D3638D00DAA54B /* UITouch-KIFAdditions.h in Headers */ = {isa = PBXBuildFile; fileRef = 3969662813D3638D00DAA54B /* UITouch-KIFAdditions.h */; settings = {ATTRIBUTES = (Public, ); }; };
		3969664213D3638D00DAA54B /* UITouch-KIFAdditions.m in Sources */ = {isa = PBXBuildFile; fileRef = 3969662913D3638D00DAA54B /* UITouch-KIFAdditions.m */; };
		3969664313D3638D00DAA54B /* UIView-KIFAdditions.h in Headers */ = {isa = PBXBuildFile; fileRef = 3969662A13D3638D00DAA54B /* UIView-KIFAdditions.h */; settings = {ATTRIBUTES = (Public, ); }; };
		3969664413D3638D00DAA54B /* UIView-KIFAdditions.m in Sources */ = {isa = PBXBuildFile; fileRef = 3969662B13D3638D00DAA54B /* UIView-KIFAdditions.m */; };
		3969664513D3638D00DAA54B /* UIWindow-KIFAdditions.h in Headers */ = {isa = PBXBuildFile; fileRef = 3969662C13D3638D00DAA54B /* UIWindow-KIFAdditions.h */; settings = {ATTRIBUTES = (Public, ); }; };
		3969664613D3638D00DAA54B /* UIWindow-KIFAdditions.m in Sources */ = {isa = PBXBuildFile; fileRef = 3969662D13D3638D00DAA54B /* UIWindow-KIFAdditions.m */; };
		3969664713D3638D00DAA54B /* KIF-Prefix.pch in Headers */ = {isa = PBXBuildFile; fileRef = 3969662F13D3638D00DAA54B /* KIF-Prefix.pch */; settings = {ATTRIBUTES = (Public, ); }; };
		3969664813D3638D00DAA54B /* KIFTestController.h in Headers */ = {isa = PBXBuildFile; fileRef = 3969663013D3638D00DAA54B /* KIFTestController.h */; settings = {ATTRIBUTES = (Public, ); }; };
		3969664913D3638D00DAA54B /* KIFTestController.m in Sources */ = {isa = PBXBuildFile; fileRef = 3969663113D3638D00DAA54B /* KIFTestController.m */; };
		3969664A13D3638D00DAA54B /* KIFTestScenario.h in Headers */ = {isa = PBXBuildFile; fileRef = 3969663213D3638D00DAA54B /* KIFTestScenario.h */; settings = {ATTRIBUTES = (Public, ); }; };
		3969664B13D3638D00DAA54B /* KIFTestScenario.m in Sources */ = {isa = PBXBuildFile; fileRef = 3969663313D3638D00DAA54B /* KIFTestScenario.m */; };
		3969664C13D3638D00DAA54B /* KIFTestStep.h in Headers */ = {isa = PBXBuildFile; fileRef = 3969663413D3638D00DAA54B /* KIFTestStep.h */; settings = {ATTRIBUTES = (Public, ); }; };
		3969664D13D3638D00DAA54B /* KIFTestStep.m in Sources */ = {isa = PBXBuildFile; fileRef = 3969663513D3638D00DAA54B /* KIFTestStep.m */; };
		39D2960B13D36357002A9A10 /* InfoPlist.strings in Resources */ = {isa = PBXBuildFile; fileRef = 39D2960913D36357002A9A10 /* InfoPlist.strings */; };
		39D2961513D36357002A9A10 /* UIKit.framework in Frameworks */ = {isa = PBXBuildFile; fileRef = 39D2961413D36357002A9A10 /* UIKit.framework */; };
		39D2961713D36357002A9A10 /* Foundation.framework in Frameworks */ = {isa = PBXBuildFile; fileRef = 39D2961613D36357002A9A10 /* Foundation.framework */; };
		39D2961913D36357002A9A10 /* CoreGraphics.framework in Frameworks */ = {isa = PBXBuildFile; fileRef = 39D2961813D36357002A9A10 /* CoreGraphics.framework */; };
		39D2961C13D36357002A9A10 /* KIF.framework in Resources */ = {isa = PBXBuildFile; fileRef = 39D2960413D36357002A9A10 /* KIF.framework */; };
		39D2962213D36357002A9A10 /* InfoPlist.strings in Resources */ = {isa = PBXBuildFile; fileRef = 39D2962013D36357002A9A10 /* InfoPlist.strings */; };
		39D2962513D36357002A9A10 /* KIFTests.h in Resources */ = {isa = PBXBuildFile; fileRef = 39D2962413D36357002A9A10 /* KIFTests.h */; };
		39D2962713D36357002A9A10 /* KIFTests.m in Sources */ = {isa = PBXBuildFile; fileRef = 39D2962613D36357002A9A10 /* KIFTests.m */; };
/* End PBXBuildFile section */

/* Begin PBXContainerItemProxy section */
		39D2961A13D36357002A9A10 /* PBXContainerItemProxy */ = {
			isa = PBXContainerItemProxy;
			containerPortal = 39D295F813D36357002A9A10 /* Project object */;
			proxyType = 1;
			remoteGlobalIDString = 39D2960313D36357002A9A10;
			remoteInfo = KIF;
		};
/* End PBXContainerItemProxy section */

/* Begin PBXFileReference section */
		3969661D13D3638D00DAA54B /* CGGeometry-KIFAdditions.h */ = {isa = PBXFileReference; fileEncoding = 4; lastKnownFileType = sourcecode.c.h; path = "CGGeometry-KIFAdditions.h"; sourceTree = "<group>"; };
		3969661E13D3638D00DAA54B /* CGGeometry-KIFAdditions.m */ = {isa = PBXFileReference; fileEncoding = 4; lastKnownFileType = sourcecode.c.objc; path = "CGGeometry-KIFAdditions.m"; sourceTree = "<group>"; };
		3969661F13D3638D00DAA54B /* LoadableCategory.h */ = {isa = PBXFileReference; fileEncoding = 4; lastKnownFileType = sourcecode.c.h; path = LoadableCategory.h; sourceTree = "<group>"; };
		3969662013D3638D00DAA54B /* NSFileManager-KIFAdditions.h */ = {isa = PBXFileReference; fileEncoding = 4; lastKnownFileType = sourcecode.c.h; path = "NSFileManager-KIFAdditions.h"; sourceTree = "<group>"; };
		3969662113D3638D00DAA54B /* NSFileManager-KIFAdditions.m */ = {isa = PBXFileReference; fileEncoding = 4; lastKnownFileType = sourcecode.c.objc; path = "NSFileManager-KIFAdditions.m"; sourceTree = "<group>"; };
		3969662213D3638D00DAA54B /* UIAccessibilityElement-KIFAdditions.h */ = {isa = PBXFileReference; fileEncoding = 4; lastKnownFileType = sourcecode.c.h; path = "UIAccessibilityElement-KIFAdditions.h"; sourceTree = "<group>"; };
		3969662313D3638D00DAA54B /* UIAccessibilityElement-KIFAdditions.m */ = {isa = PBXFileReference; fileEncoding = 4; lastKnownFileType = sourcecode.c.objc; path = "UIAccessibilityElement-KIFAdditions.m"; sourceTree = "<group>"; };
		3969662413D3638D00DAA54B /* UIApplication-KIFAdditions.h */ = {isa = PBXFileReference; fileEncoding = 4; lastKnownFileType = sourcecode.c.h; path = "UIApplication-KIFAdditions.h"; sourceTree = "<group>"; };
		3969662513D3638D00DAA54B /* UIApplication-KIFAdditions.m */ = {isa = PBXFileReference; fileEncoding = 4; lastKnownFileType = sourcecode.c.objc; path = "UIApplication-KIFAdditions.m"; sourceTree = "<group>"; };
		3969662613D3638D00DAA54B /* UIScrollView-KIFAdditions.h */ = {isa = PBXFileReference; fileEncoding = 4; lastKnownFileType = sourcecode.c.h; path = "UIScrollView-KIFAdditions.h"; sourceTree = "<group>"; };
		3969662713D3638D00DAA54B /* UIScrollView-KIFAdditions.m */ = {isa = PBXFileReference; fileEncoding = 4; lastKnownFileType = sourcecode.c.objc; path = "UIScrollView-KIFAdditions.m"; sourceTree = "<group>"; };
		3969662813D3638D00DAA54B /* UITouch-KIFAdditions.h */ = {isa = PBXFileReference; fileEncoding = 4; lastKnownFileType = sourcecode.c.h; path = "UITouch-KIFAdditions.h"; sourceTree = "<group>"; };
		3969662913D3638D00DAA54B /* UITouch-KIFAdditions.m */ = {isa = PBXFileReference; fileEncoding = 4; lastKnownFileType = sourcecode.c.objc; path = "UITouch-KIFAdditions.m"; sourceTree = "<group>"; };
		3969662A13D3638D00DAA54B /* UIView-KIFAdditions.h */ = {isa = PBXFileReference; fileEncoding = 4; lastKnownFileType = sourcecode.c.h; path = "UIView-KIFAdditions.h"; sourceTree = "<group>"; };
		3969662B13D3638D00DAA54B /* UIView-KIFAdditions.m */ = {isa = PBXFileReference; fileEncoding = 4; lastKnownFileType = sourcecode.c.objc; path = "UIView-KIFAdditions.m"; sourceTree = "<group>"; };
		3969662C13D3638D00DAA54B /* UIWindow-KIFAdditions.h */ = {isa = PBXFileReference; fileEncoding = 4; lastKnownFileType = sourcecode.c.h; path = "UIWindow-KIFAdditions.h"; sourceTree = "<group>"; };
		3969662D13D3638D00DAA54B /* UIWindow-KIFAdditions.m */ = {isa = PBXFileReference; fileEncoding = 4; lastKnownFileType = sourcecode.c.objc; path = "UIWindow-KIFAdditions.m"; sourceTree = "<group>"; };
		3969662F13D3638D00DAA54B /* KIF-Prefix.pch */ = {isa = PBXFileReference; fileEncoding = 4; lastKnownFileType = sourcecode.c.h; path = "KIF-Prefix.pch"; sourceTree = "<group>"; };
		3969663013D3638D00DAA54B /* KIFTestController.h */ = {isa = PBXFileReference; fileEncoding = 4; lastKnownFileType = sourcecode.c.h; path = KIFTestController.h; sourceTree = "<group>"; };
		3969663113D3638D00DAA54B /* KIFTestController.m */ = {isa = PBXFileReference; fileEncoding = 4; lastKnownFileType = sourcecode.c.objc; path = KIFTestController.m; sourceTree = "<group>"; };
		3969663213D3638D00DAA54B /* KIFTestScenario.h */ = {isa = PBXFileReference; fileEncoding = 4; lastKnownFileType = sourcecode.c.h; path = KIFTestScenario.h; sourceTree = "<group>"; };
		3969663313D3638D00DAA54B /* KIFTestScenario.m */ = {isa = PBXFileReference; fileEncoding = 4; lastKnownFileType = sourcecode.c.objc; path = KIFTestScenario.m; sourceTree = "<group>"; };
		3969663413D3638D00DAA54B /* KIFTestStep.h */ = {isa = PBXFileReference; fileEncoding = 4; lastKnownFileType = sourcecode.c.h; path = KIFTestStep.h; sourceTree = "<group>"; };
		3969663513D3638D00DAA54B /* KIFTestStep.m */ = {isa = PBXFileReference; fileEncoding = 4; lastKnownFileType = sourcecode.c.objc; path = KIFTestStep.m; sourceTree = "<group>"; };
		39D2960413D36357002A9A10 /* KIF.framework */ = {isa = PBXFileReference; explicitFileType = wrapper.cfbundle; includeInIndex = 0; path = KIF.framework; sourceTree = BUILT_PRODUCTS_DIR; };
		39D2960813D36357002A9A10 /* KIF-Info.plist */ = {isa = PBXFileReference; lastKnownFileType = text.plist.xml; path = "KIF-Info.plist"; sourceTree = "<group>"; };
		39D2960A13D36357002A9A10 /* en */ = {isa = PBXFileReference; lastKnownFileType = text.plist.strings; name = en; path = en.lproj/InfoPlist.strings; sourceTree = "<group>"; };
		39D2960C13D36357002A9A10 /* KIF-Prefix.pch */ = {isa = PBXFileReference; lastKnownFileType = sourcecode.c.h; path = "KIF-Prefix.pch"; sourceTree = "<group>"; };
		39D2961213D36357002A9A10 /* KIFTests.octest */ = {isa = PBXFileReference; explicitFileType = wrapper.cfbundle; includeInIndex = 0; path = KIFTests.octest; sourceTree = BUILT_PRODUCTS_DIR; };
		39D2961413D36357002A9A10 /* UIKit.framework */ = {isa = PBXFileReference; lastKnownFileType = wrapper.framework; name = UIKit.framework; path = System/Library/Frameworks/UIKit.framework; sourceTree = SDKROOT; };
		39D2961613D36357002A9A10 /* Foundation.framework */ = {isa = PBXFileReference; lastKnownFileType = wrapper.framework; name = Foundation.framework; path = System/Library/Frameworks/Foundation.framework; sourceTree = SDKROOT; };
		39D2961813D36357002A9A10 /* CoreGraphics.framework */ = {isa = PBXFileReference; lastKnownFileType = wrapper.framework; name = CoreGraphics.framework; path = System/Library/Frameworks/CoreGraphics.framework; sourceTree = SDKROOT; };
		39D2961F13D36357002A9A10 /* KIFTests-Info.plist */ = {isa = PBXFileReference; lastKnownFileType = text.plist.xml; path = "KIFTests-Info.plist"; sourceTree = "<group>"; };
		39D2962113D36357002A9A10 /* en */ = {isa = PBXFileReference; lastKnownFileType = text.plist.strings; name = en; path = en.lproj/InfoPlist.strings; sourceTree = "<group>"; };
		39D2962313D36357002A9A10 /* KIFTests-Prefix.pch */ = {isa = PBXFileReference; lastKnownFileType = sourcecode.c.h; path = "KIFTests-Prefix.pch"; sourceTree = "<group>"; };
		39D2962413D36357002A9A10 /* KIFTests.h */ = {isa = PBXFileReference; lastKnownFileType = sourcecode.c.h; path = KIFTests.h; sourceTree = "<group>"; };
		39D2962613D36357002A9A10 /* KIFTests.m */ = {isa = PBXFileReference; lastKnownFileType = sourcecode.c.objc; path = KIFTests.m; sourceTree = "<group>"; };
/* End PBXFileReference section */

/* Begin PBXFrameworksBuildPhase section */
		39D295FF13D36357002A9A10 /* Frameworks */ = {
			isa = PBXFrameworksBuildPhase;
			buildActionMask = 2147483647;
			files = (
			);
			runOnlyForDeploymentPostprocessing = 0;
		};
		39D2960E13D36357002A9A10 /* Frameworks */ = {
			isa = PBXFrameworksBuildPhase;
			buildActionMask = 2147483647;
			files = (
				39D2961513D36357002A9A10 /* UIKit.framework in Frameworks */,
				39D2961713D36357002A9A10 /* Foundation.framework in Frameworks */,
				39D2961913D36357002A9A10 /* CoreGraphics.framework in Frameworks */,
			);
			runOnlyForDeploymentPostprocessing = 0;
		};
/* End PBXFrameworksBuildPhase section */

/* Begin PBXGroup section */
		3969661C13D3638D00DAA54B /* Additions */ = {
			isa = PBXGroup;
			children = (
				3969661D13D3638D00DAA54B /* CGGeometry-KIFAdditions.h */,
				3969661E13D3638D00DAA54B /* CGGeometry-KIFAdditions.m */,
				3969661F13D3638D00DAA54B /* LoadableCategory.h */,
				3969662013D3638D00DAA54B /* NSFileManager-KIFAdditions.h */,
				3969662113D3638D00DAA54B /* NSFileManager-KIFAdditions.m */,
				3969662213D3638D00DAA54B /* UIAccessibilityElement-KIFAdditions.h */,
				3969662313D3638D00DAA54B /* UIAccessibilityElement-KIFAdditions.m */,
				3969662413D3638D00DAA54B /* UIApplication-KIFAdditions.h */,
				3969662513D3638D00DAA54B /* UIApplication-KIFAdditions.m */,
				3969662613D3638D00DAA54B /* UIScrollView-KIFAdditions.h */,
				3969662713D3638D00DAA54B /* UIScrollView-KIFAdditions.m */,
				3969662813D3638D00DAA54B /* UITouch-KIFAdditions.h */,
				3969662913D3638D00DAA54B /* UITouch-KIFAdditions.m */,
				3969662A13D3638D00DAA54B /* UIView-KIFAdditions.h */,
				3969662B13D3638D00DAA54B /* UIView-KIFAdditions.m */,
				3969662C13D3638D00DAA54B /* UIWindow-KIFAdditions.h */,
				3969662D13D3638D00DAA54B /* UIWindow-KIFAdditions.m */,
			);
			path = Additions;
			sourceTree = "<group>";
		};
		3969662E13D3638D00DAA54B /* Classes */ = {
			isa = PBXGroup;
			children = (
				3969662F13D3638D00DAA54B /* KIF-Prefix.pch */,
				3969663013D3638D00DAA54B /* KIFTestController.h */,
				3969663113D3638D00DAA54B /* KIFTestController.m */,
				3969663213D3638D00DAA54B /* KIFTestScenario.h */,
				3969663313D3638D00DAA54B /* KIFTestScenario.m */,
				3969663413D3638D00DAA54B /* KIFTestStep.h */,
				3969663513D3638D00DAA54B /* KIFTestStep.m */,
			);
			path = Classes;
			sourceTree = "<group>";
		};
		39D295F613D36357002A9A10 = {
			isa = PBXGroup;
			children = (
				39D2960613D36357002A9A10 /* KIF */,
				39D2961D13D36357002A9A10 /* KIFTests */,
				39D2961313D36357002A9A10 /* Frameworks */,
				39D2960513D36357002A9A10 /* Products */,
			);
			sourceTree = "<group>";
		};
		39D2960513D36357002A9A10 /* Products */ = {
			isa = PBXGroup;
			children = (
				39D2960413D36357002A9A10 /* KIF.framework */,
				39D2961213D36357002A9A10 /* KIFTests.octest */,
			);
			name = Products;
			sourceTree = "<group>";
		};
		39D2960613D36357002A9A10 /* KIF */ = {
			isa = PBXGroup;
			children = (
				3969661C13D3638D00DAA54B /* Additions */,
				3969662E13D3638D00DAA54B /* Classes */,
				39D2960713D36357002A9A10 /* Supporting Files */,
			);
			path = KIF;
			sourceTree = "<group>";
		};
		39D2960713D36357002A9A10 /* Supporting Files */ = {
			isa = PBXGroup;
			children = (
				39D2960813D36357002A9A10 /* KIF-Info.plist */,
				39D2960913D36357002A9A10 /* InfoPlist.strings */,
				39D2960C13D36357002A9A10 /* KIF-Prefix.pch */,
			);
			name = "Supporting Files";
			sourceTree = "<group>";
		};
		39D2961313D36357002A9A10 /* Frameworks */ = {
			isa = PBXGroup;
			children = (
				39D2961413D36357002A9A10 /* UIKit.framework */,
				39D2961613D36357002A9A10 /* Foundation.framework */,
				39D2961813D36357002A9A10 /* CoreGraphics.framework */,
			);
			name = Frameworks;
			sourceTree = "<group>";
		};
		39D2961D13D36357002A9A10 /* KIFTests */ = {
			isa = PBXGroup;
			children = (
				39D2962413D36357002A9A10 /* KIFTests.h */,
				39D2962613D36357002A9A10 /* KIFTests.m */,
				39D2961E13D36357002A9A10 /* Supporting Files */,
			);
			path = KIFTests;
			sourceTree = "<group>";
		};
		39D2961E13D36357002A9A10 /* Supporting Files */ = {
			isa = PBXGroup;
			children = (
				39D2961F13D36357002A9A10 /* KIFTests-Info.plist */,
				39D2962013D36357002A9A10 /* InfoPlist.strings */,
				39D2962313D36357002A9A10 /* KIFTests-Prefix.pch */,
			);
			name = "Supporting Files";
			sourceTree = "<group>";
		};
/* End PBXGroup section */

/* Begin PBXHeadersBuildPhase section */
		39D2960013D36357002A9A10 /* Headers */ = {
			isa = PBXHeadersBuildPhase;
			buildActionMask = 2147483647;
			files = (
				3969663613D3638D00DAA54B /* CGGeometry-KIFAdditions.h in Headers */,
				3969663813D3638D00DAA54B /* LoadableCategory.h in Headers */,
				3969663913D3638D00DAA54B /* NSFileManager-KIFAdditions.h in Headers */,
				3969663B13D3638D00DAA54B /* UIAccessibilityElement-KIFAdditions.h in Headers */,
				3969663D13D3638D00DAA54B /* UIApplication-KIFAdditions.h in Headers */,
				3969663F13D3638D00DAA54B /* UIScrollView-KIFAdditions.h in Headers */,
				3969664113D3638D00DAA54B /* UITouch-KIFAdditions.h in Headers */,
				3969664313D3638D00DAA54B /* UIView-KIFAdditions.h in Headers */,
				3969664513D3638D00DAA54B /* UIWindow-KIFAdditions.h in Headers */,
				3969664713D3638D00DAA54B /* KIF-Prefix.pch in Headers */,
				3969664813D3638D00DAA54B /* KIFTestController.h in Headers */,
				3969664A13D3638D00DAA54B /* KIFTestScenario.h in Headers */,
				3969664C13D3638D00DAA54B /* KIFTestStep.h in Headers */,
			);
			runOnlyForDeploymentPostprocessing = 0;
		};
/* End PBXHeadersBuildPhase section */

/* Begin PBXNativeTarget section */
		39D2960313D36357002A9A10 /* KIF */ = {
			isa = PBXNativeTarget;
			buildConfigurationList = 39D2962A13D36357002A9A10 /* Build configuration list for PBXNativeTarget "KIF" */;
			buildPhases = (
				39D295FD13D36357002A9A10 /* ShellScript */,
				39D295FE13D36357002A9A10 /* Sources */,
				39D295FF13D36357002A9A10 /* Frameworks */,
				39D2960013D36357002A9A10 /* Headers */,
				39D2960113D36357002A9A10 /* Resources */,
				39D2960213D36357002A9A10 /* ShellScript */,
			);
			buildRules = (
			);
			dependencies = (
			);
			name = KIF;
			productName = KIF;
			productReference = 39D2960413D36357002A9A10 /* KIF.framework */;
			productType = "com.apple.product-type.bundle";
		};
		39D2961113D36357002A9A10 /* KIFTests */ = {
			isa = PBXNativeTarget;
			buildConfigurationList = 39D2962D13D36357002A9A10 /* Build configuration list for PBXNativeTarget "KIFTests" */;
			buildPhases = (
				39D2960D13D36357002A9A10 /* Sources */,
				39D2960E13D36357002A9A10 /* Frameworks */,
				39D2960F13D36357002A9A10 /* Resources */,
				39D2961013D36357002A9A10 /* ShellScript */,
			);
			buildRules = (
			);
			dependencies = (
				39D2961B13D36357002A9A10 /* PBXTargetDependency */,
			);
			name = KIFTests;
			productName = KIFTests;
			productReference = 39D2961213D36357002A9A10 /* KIFTests.octest */;
			productType = "com.apple.product-type.bundle";
		};
/* End PBXNativeTarget section */

/* Begin PBXProject section */
		39D295F813D36357002A9A10 /* Project object */ = {
			isa = PBXProject;
			attributes = {
				ORGANIZATIONNAME = Mindsnacks;
			};
			buildConfigurationList = 39D295FB13D36357002A9A10 /* Build configuration list for PBXProject "KIF" */;
			compatibilityVersion = "Xcode 3.2";
			developmentRegion = English;
			hasScannedForEncodings = 0;
			knownRegions = (
				en,
			);
			mainGroup = 39D295F613D36357002A9A10;
			productRefGroup = 39D2960513D36357002A9A10 /* Products */;
			projectDirPath = "";
			projectRoot = "";
			targets = (
				39D2960313D36357002A9A10 /* KIF */,
				39D2961113D36357002A9A10 /* KIFTests */,
			);
		};
/* End PBXProject section */

/* Begin PBXResourcesBuildPhase section */
		39D2960113D36357002A9A10 /* Resources */ = {
			isa = PBXResourcesBuildPhase;
			buildActionMask = 2147483647;
			files = (
				39D2960B13D36357002A9A10 /* InfoPlist.strings in Resources */,
			);
			runOnlyForDeploymentPostprocessing = 0;
		};
		39D2960F13D36357002A9A10 /* Resources */ = {
			isa = PBXResourcesBuildPhase;
			buildActionMask = 2147483647;
			files = (
				39D2961C13D36357002A9A10 /* KIF.framework in Resources */,
				39D2962213D36357002A9A10 /* InfoPlist.strings in Resources */,
				39D2962513D36357002A9A10 /* KIFTests.h in Resources */,
			);
			runOnlyForDeploymentPostprocessing = 0;
		};
/* End PBXResourcesBuildPhase section */

/* Begin PBXShellScriptBuildPhase section */
		39D295FD13D36357002A9A10 /* ShellScript */ = {
			isa = PBXShellScriptBuildPhase;
			buildActionMask = 2147483647;
			files = (
			);
			inputPaths = (
			);
			outputPaths = (
			);
			runOnlyForDeploymentPostprocessing = 0;
			shellPath = /bin/sh;
			shellScript = "set -e\n\nset +u\nif [[ $UFW_MASTER_SCRIPT_RUNNING ]]\nthen\n    # Nothing for the slave script to do\n    exit 0\nfi\nset -u\n\nif [[ \"$SDK_NAME\" =~ ([A-Za-z]+) ]]\nthen\n    UFW_SDK_PLATFORM=${BASH_REMATCH[1]}\nelse\n    echo \"Could not find platform name from SDK_NAME: $SDK_NAME\"\n    exit 1\nfi\n\nif [[ \"$SDK_NAME\" =~ ([0-9]+.*$) ]]\nthen\n\tUFW_SDK_VERSION=${BASH_REMATCH[1]}\nelse\n    echo \"Could not find sdk version  from SDK_NAME: $SDK_NAME\"\n    exit 1\nfi\n\nif [[ \"$UFW_SDK_PLATFORM\" = \"iphoneos\" ]]\nthen\n    UFW_OTHER_PLATFORM=iphonesimulator\nelse\n    UFW_OTHER_PLATFORM=iphoneos\nfi\n\nif [[ \"$BUILT_PRODUCTS_DIR\" =~ (.*)$UFW_SDK_PLATFORM$ ]]\nthen\n    UFW_OTHER_BUILT_PRODUCTS_DIR=\"${BASH_REMATCH[1]}${UFW_OTHER_PLATFORM}\"\nelse\n    echo \"Could not find $UFW_SDK_PLATFORM in $BUILT_PRODUCTS_DIR\"\n    exit 1\nfi\n\n\n# Short-circuit if all binaries are up to date\n\nif [[ -f \"${BUILT_PRODUCTS_DIR}/${EXECUTABLE_PATH}\" ]] && \\\n   [[ -f \"${BUILT_PRODUCTS_DIR}/${PRODUCT_NAME}.embeddedframework/${EXECUTABLE_PATH}\" ]] && \\\n   [[ ! \"${BUILT_PRODUCTS_DIR}/${EXECUTABLE_PATH}\" -nt \"${BUILT_PRODUCTS_DIR}/${PRODUCT_NAME}.embeddedframework/${EXECUTABLE_PATH}\" ]]\n   [[ -f \"${UFW_OTHER_BUILT_PRODUCTS_DIR}/${EXECUTABLE_PATH}\" ]] && \\\n   [[ -f \"${UFW_OTHER_BUILT_PRODUCTS_DIR}/${PRODUCT_NAME}.embeddedframework/${EXECUTABLE_PATH}\" ]] && \\\n   [[ ! \"${UFW_OTHER_BUILT_PRODUCTS_DIR}/${EXECUTABLE_PATH}\" -nt \"${UFW_OTHER_BUILT_PRODUCTS_DIR}/${PRODUCT_NAME}.embeddedframework/${EXECUTABLE_PATH}\" ]]\nthen\n    exit 0\nfi\n\n\n# Clean other platform if needed\n\nif [[ ! -f \"${BUILT_PRODUCTS_DIR}/${EXECUTABLE_PATH}\" ]]\nthen\n\techo \"Platform \\\"$UFW_SDK_PLATFORM\\\" was cleaned recently. Cleaning \\\"$UFW_OTHER_PLATFORM\\\" as well\"\n\techo xcodebuild -project \"${PROJECT_FILE_PATH}\" -target \"${TARGET_NAME}\" -configuration \"${CONFIGURATION}\" -sdk ${UFW_OTHER_PLATFORM}${UFW_SDK_VERSION} BUILD_DIR=\"${BUILD_DIR}\" CONFIGURATION_TEMP_DIR=\"${PROJECT_TEMP_DIR}/${CONFIGURATION}-${UFW_OTHER_PLATFORM}\" clean\n\txcodebuild -project \"${PROJECT_FILE_PATH}\" -target \"${TARGET_NAME}\" -configuration \"${CONFIGURATION}\" -sdk ${UFW_OTHER_PLATFORM}${UFW_SDK_VERSION} BUILD_DIR=\"${BUILD_DIR}\" CONFIGURATION_TEMP_DIR=\"${PROJECT_TEMP_DIR}/${CONFIGURATION}-${UFW_OTHER_PLATFORM}\" clean\nfi\n\n\n# Make sure we are building from fresh binaries\n\nrm -rf \"${BUILT_PRODUCTS_DIR}/${EXECUTABLE_PATH}\"\nrm -rf \"${BUILT_PRODUCTS_DIR}/${PRODUCT_NAME}.embeddedframework\"\nrm -rf \"${UFW_OTHER_BUILT_PRODUCTS_DIR}/${EXECUTABLE_PATH}\"\nrm -rf \"${UFW_OTHER_BUILT_PRODUCTS_DIR}/${PRODUCT_NAME}.embeddedframework\"\n";
		};
		39D2960213D36357002A9A10 /* ShellScript */ = {
			isa = PBXShellScriptBuildPhase;
			buildActionMask = 2147483647;
			files = (
			);
			inputPaths = (
			);
			outputPaths = (
			);
			runOnlyForDeploymentPostprocessing = 0;
			shellPath = /bin/sh;
			shellScript = "set -e\n\nset +u\nif [[ $UFW_MASTER_SCRIPT_RUNNING ]]\nthen\n    # Nothing for the slave script to do\n    exit 0\nfi\nset -u\nexport UFW_MASTER_SCRIPT_RUNNING=1\n\n\n# Functions\n\n## List files in the specified directory, storing to the specified array.\n#\n# @param $1 The path to list\n# @param $2 The name of the array to fill\n#\n##\nlist_files ()\n{\n    filelist=$(ls \"$1\")\n    while read line\n    do\n        eval \"$2[\\${#$2[*]}]=\\\"\\$line\\\"\"\n    done <<< \"$filelist\"\n}\n\n\n# Sanity check\n\nif [[ ! -f \"${BUILT_PRODUCTS_DIR}/${EXECUTABLE_PATH}\" ]]\nthen\n    echo \"Framework target \\\"${TARGET_NAME}\\\" had no source files to build from. Make sure your source files have the correct target membership\"\n    exit 1\nfi\n\n\n# Gather information\n\nif [[ \"$SDK_NAME\" =~ ([A-Za-z]+) ]]\nthen\n    UFW_SDK_PLATFORM=${BASH_REMATCH[1]}\nelse\n    echo \"Could not find platform name from SDK_NAME: $SDK_NAME\"\n    exit 1\nfi\n\nif [[ \"$SDK_NAME\" =~ ([0-9]+.*$) ]]\nthen\n    UFW_SDK_VERSION=${BASH_REMATCH[1]}\nelse\n    echo \"Could not find sdk version from SDK_NAME: $SDK_NAME\"\n    exit 1\nfi\n\nif [[ \"$UFW_SDK_PLATFORM\" = \"iphoneos\" ]]\nthen\n    UFW_OTHER_PLATFORM=iphonesimulator\nelse\n    UFW_OTHER_PLATFORM=iphoneos\nfi\n\nif [[ \"$BUILT_PRODUCTS_DIR\" =~ (.*)$UFW_SDK_PLATFORM$ ]]\nthen\n    UFW_OTHER_BUILT_PRODUCTS_DIR=\"${BASH_REMATCH[1]}${UFW_OTHER_PLATFORM}\"\nelse\n    echo \"Could not find $UFW_SDK_PLATFORM in $BUILT_PRODUCTS_DIR\"\n    exit 1\nfi\n\n\n# Short-circuit if all binaries are up to date.\n# We already checked the other platform in the prerun script.\n\nif [[ -f \"${BUILT_PRODUCTS_DIR}/${EXECUTABLE_PATH}\" ]] && [[ -f \"${BUILT_PRODUCTS_DIR}/${PRODUCT_NAME}.embeddedframework/${EXECUTABLE_PATH}\" ]] && [[ ! \"${BUILT_PRODUCTS_DIR}/${EXECUTABLE_PATH}\" -nt \"${BUILT_PRODUCTS_DIR}/${PRODUCT_NAME}.embeddedframework/${EXECUTABLE_PATH}\" ]]\nthen\n    exit 0\nfi\n\n\n# Make sure the other platform gets built\n\necho \"Build other platform\"\n\necho xcodebuild -project \"${PROJECT_FILE_PATH}\" -target \"${TARGET_NAME}\" -configuration \"${CONFIGURATION}\" -sdk ${UFW_OTHER_PLATFORM}${UFW_SDK_VERSION} BUILD_DIR=\"${BUILD_DIR}\" CONFIGURATION_TEMP_DIR=\"${PROJECT_TEMP_DIR}/${CONFIGURATION}-${UFW_OTHER_PLATFORM}\" $ACTION\nxcodebuild -project \"${PROJECT_FILE_PATH}\" -target \"${TARGET_NAME}\" -configuration \"${CONFIGURATION}\" -sdk ${UFW_OTHER_PLATFORM}${UFW_SDK_VERSION} BUILD_DIR=\"${BUILD_DIR}\" CONFIGURATION_TEMP_DIR=\"${PROJECT_TEMP_DIR}/${CONFIGURATION}-${UFW_OTHER_PLATFORM}\" $ACTION\n\n\n# Build the fat static library binary\n\necho \"Create universal static library\"\n\necho \"$PLATFORM_DEVELOPER_BIN_DIR/libtool\" -static \"${BUILT_PRODUCTS_DIR}/${EXECUTABLE_PATH}\" \"${UFW_OTHER_BUILT_PRODUCTS_DIR}/${EXECUTABLE_PATH}\" -o \"${BUILT_PRODUCTS_DIR}/${EXECUTABLE_PATH}.temp\"\n\"$PLATFORM_DEVELOPER_BIN_DIR/libtool\" -static \"${BUILT_PRODUCTS_DIR}/${EXECUTABLE_PATH}\" \"${UFW_OTHER_BUILT_PRODUCTS_DIR}/${EXECUTABLE_PATH}\" -o \"${BUILT_PRODUCTS_DIR}/${EXECUTABLE_PATH}.temp\"\n\necho mv \"${BUILT_PRODUCTS_DIR}/${EXECUTABLE_PATH}.temp\" \"${BUILT_PRODUCTS_DIR}/${EXECUTABLE_PATH}\"\nmv \"${BUILT_PRODUCTS_DIR}/${EXECUTABLE_PATH}.temp\" \"${BUILT_PRODUCTS_DIR}/${EXECUTABLE_PATH}\"\n\n\n# Build framework structure\n\necho \"Build symlinks\"\n\necho ln -sf A \"${BUILT_PRODUCTS_DIR}/${WRAPPER_NAME}/Versions/Current\"\nln -sf A \"${BUILT_PRODUCTS_DIR}/${WRAPPER_NAME}/Versions/Current\"\necho ln -sf Versions/Current/Headers \"${BUILT_PRODUCTS_DIR}/${WRAPPER_NAME}/Headers\"\nln -sf Versions/Current/Headers \"${BUILT_PRODUCTS_DIR}/${WRAPPER_NAME}/Headers\"\necho ln -sf Versions/Current/Resources \"${BUILT_PRODUCTS_DIR}/${WRAPPER_NAME}/Resources\"\nln -sf Versions/Current/Resources \"${BUILT_PRODUCTS_DIR}/${WRAPPER_NAME}/Resources\"\necho ln -sf \"Versions/Current/${EXECUTABLE_NAME}\" \"${BUILT_PRODUCTS_DIR}/${WRAPPER_NAME}/${EXECUTABLE_NAME}\"\nln -sf \"Versions/Current/${EXECUTABLE_NAME}\" \"${BUILT_PRODUCTS_DIR}/${WRAPPER_NAME}/${EXECUTABLE_NAME}\"\n\n\n# Link to binary for unit tests\n\nmkdir -p \"${BUILT_PRODUCTS_DIR}/.fake_fw_testing.framework\"\nln -sf \"../${WRAPPER_NAME}/${EXECUTABLE_NAME}\" \"${BUILT_PRODUCTS_DIR}/.fake_fw_testing.framework/.fake_fw_testing\"\n\n\n# Build embedded framework structure\n\necho \"Build Embedded Framework\"\n\necho rm -rf \"${BUILT_PRODUCTS_DIR}/${PRODUCT_NAME}.embeddedframework\"\nrm -rf \"${BUILT_PRODUCTS_DIR}/${PRODUCT_NAME}.embeddedframework\"\necho mkdir -p \"${BUILT_PRODUCTS_DIR}/${PRODUCT_NAME}.embeddedframework/Resources\"\nmkdir -p \"${BUILT_PRODUCTS_DIR}/${PRODUCT_NAME}.embeddedframework/Resources\"\necho cp -a \"${BUILT_PRODUCTS_DIR}/${WRAPPER_NAME}\" \"${BUILT_PRODUCTS_DIR}/${PRODUCT_NAME}.embeddedframework/\"\ncp -a \"${BUILT_PRODUCTS_DIR}/${WRAPPER_NAME}\" \"${BUILT_PRODUCTS_DIR}/${PRODUCT_NAME}.embeddedframework/\"\n\ndeclare -a UFW_FILE_LIST\nlist_files \"${BUILT_PRODUCTS_DIR}/${UNLOCALIZED_RESOURCES_FOLDER_PATH}\" UFW_FILE_LIST\nfor filename in \"${UFW_FILE_LIST[@]}\"\ndo\n    if [[ \"${filename}\" != \"Info.plist\" ]] && [[ ! \"${filename}\" =~ .*\\.lproj$ ]]\n    then\n        echo ln -sf \"../${WRAPPER_NAME}/Resources/${filename}\" \"${BUILT_PRODUCTS_DIR}/${PRODUCT_NAME}.embeddedframework/Resources/${filename}\"\n        ln -sf \"../${WRAPPER_NAME}/Resources/${filename}\" \"${BUILT_PRODUCTS_DIR}/${PRODUCT_NAME}.embeddedframework/Resources/${filename}\"\n    fi\ndone\n\n\n# Replace other platform's framework with a copy of this one (so that both have the same universal binary)\n\necho \"Copy from $UFW_SDK_PLATFORM to $UFW_OTHER_PLATFORM\"\n\necho rm -rf \"${BUILD_DIR}/${CONFIGURATION}-${UFW_OTHER_PLATFORM}\"\nrm -rf \"${BUILD_DIR}/${CONFIGURATION}-${UFW_OTHER_PLATFORM}\"\necho cp -a \"${BUILD_DIR}/${CONFIGURATION}-${UFW_SDK_PLATFORM}\" \"${BUILD_DIR}/${CONFIGURATION}-${UFW_OTHER_PLATFORM}\"\ncp -a \"${BUILD_DIR}/${CONFIGURATION}-${UFW_SDK_PLATFORM}\" \"${BUILD_DIR}/${CONFIGURATION}-${UFW_OTHER_PLATFORM}\"\n";
		};
		39D2961013D36357002A9A10 /* ShellScript */ = {
			isa = PBXShellScriptBuildPhase;
			buildActionMask = 2147483647;
			files = (
			);
			inputPaths = (
			);
			outputPaths = (
			);
			runOnlyForDeploymentPostprocessing = 0;
			shellPath = /bin/sh;
			shellScript = "# Run the unit tests in this test bundle.\n\"${SYSTEM_DEVELOPER_DIR}/Tools/RunUnitTests\"\n";
		};
/* End PBXShellScriptBuildPhase section */

/* Begin PBXSourcesBuildPhase section */
		39D295FE13D36357002A9A10 /* Sources */ = {
			isa = PBXSourcesBuildPhase;
			buildActionMask = 2147483647;
			files = (
				3969663713D3638D00DAA54B /* CGGeometry-KIFAdditions.m in Sources */,
				3969663A13D3638D00DAA54B /* NSFileManager-KIFAdditions.m in Sources */,
				3969663C13D3638D00DAA54B /* UIAccessibilityElement-KIFAdditions.m in Sources */,
				3969663E13D3638D00DAA54B /* UIApplication-KIFAdditions.m in Sources */,
				3969664013D3638D00DAA54B /* UIScrollView-KIFAdditions.m in Sources */,
				3969664213D3638D00DAA54B /* UITouch-KIFAdditions.m in Sources */,
				3969664413D3638D00DAA54B /* UIView-KIFAdditions.m in Sources */,
				3969664613D3638D00DAA54B /* UIWindow-KIFAdditions.m in Sources */,
				3969664913D3638D00DAA54B /* KIFTestController.m in Sources */,
				3969664B13D3638D00DAA54B /* KIFTestScenario.m in Sources */,
				3969664D13D3638D00DAA54B /* KIFTestStep.m in Sources */,
			);
			runOnlyForDeploymentPostprocessing = 0;
		};
		39D2960D13D36357002A9A10 /* Sources */ = {
			isa = PBXSourcesBuildPhase;
			buildActionMask = 2147483647;
			files = (
				39D2962713D36357002A9A10 /* KIFTests.m in Sources */,
			);
			runOnlyForDeploymentPostprocessing = 0;
		};
/* End PBXSourcesBuildPhase section */

/* Begin PBXTargetDependency section */
		39D2961B13D36357002A9A10 /* PBXTargetDependency */ = {
			isa = PBXTargetDependency;
			target = 39D2960313D36357002A9A10 /* KIF */;
			targetProxy = 39D2961A13D36357002A9A10 /* PBXContainerItemProxy */;
		};
/* End PBXTargetDependency section */

/* Begin PBXVariantGroup section */
		39D2960913D36357002A9A10 /* InfoPlist.strings */ = {
			isa = PBXVariantGroup;
			children = (
				39D2960A13D36357002A9A10 /* en */,
			);
			name = InfoPlist.strings;
			sourceTree = "<group>";
		};
		39D2962013D36357002A9A10 /* InfoPlist.strings */ = {
			isa = PBXVariantGroup;
			children = (
				39D2962113D36357002A9A10 /* en */,
			);
			name = InfoPlist.strings;
			sourceTree = "<group>";
		};
/* End PBXVariantGroup section */

/* Begin XCBuildConfiguration section */
		39D2962813D36357002A9A10 /* Debug */ = {
			isa = XCBuildConfiguration;
			buildSettings = {
				ARCHS = "$(ARCHS_STANDARD_32_BIT)";
				GCC_C_LANGUAGE_STANDARD = gnu99;
				GCC_OPTIMIZATION_LEVEL = 0;
				GCC_PREPROCESSOR_DEFINITIONS = DEBUG;
				GCC_SYMBOLS_PRIVATE_EXTERN = NO;
				GCC_VERSION = com.apple.compilers.llvmgcc42;
				GCC_WARN_ABOUT_RETURN_TYPE = YES;
				GCC_WARN_UNUSED_VARIABLE = YES;
				IPHONEOS_DEPLOYMENT_TARGET = 4.3;
				SDKROOT = iphoneos;
			};
			name = Debug;
		};
		39D2962913D36357002A9A10 /* Release */ = {
			isa = XCBuildConfiguration;
			buildSettings = {
				ARCHS = "$(ARCHS_STANDARD_32_BIT)";
				GCC_C_LANGUAGE_STANDARD = gnu99;
				GCC_VERSION = com.apple.compilers.llvmgcc42;
				GCC_WARN_ABOUT_RETURN_TYPE = YES;
				GCC_WARN_UNUSED_VARIABLE = YES;
				IPHONEOS_DEPLOYMENT_TARGET = 4.3;
				SDKROOT = iphoneos;
			};
			name = Release;
		};
		39D2962B13D36357002A9A10 /* Debug */ = {
			isa = XCBuildConfiguration;
			buildSettings = {
				ALWAYS_SEARCH_USER_PATHS = NO;
				CONTENTS_FOLDER_PATH = "$(WRAPPER_NAME)/Versions/$(FRAMEWORK_VERSION)";
				DEAD_CODE_STRIPPING = NO;
				DEPLOYMENT_POSTPROCESSING = YES;
				DYLIB_COMPATIBILITY_VERSION = 1;
				DYLIB_CURRENT_VERSION = 1;
				FRAMEWORK_VERSION = A;
				GCC_PRECOMPILE_PREFIX_HEADER = YES;
				GCC_PREFIX_HEADER = "KIF/KIF-Prefix.pch";
				INFOPLIST_FILE = "KIF/KIF-Info.plist";
				INFOPLIST_PATH = "$(UNLOCALIZED_RESOURCES_FOLDER_PATH)/Info.plist";
				INSTALL_PATH = "$(BUILT_PRODUCTS_DIR)";
				LINK_WITH_STANDARD_LIBRARIES = NO;
				MACH_O_TYPE = mh_object;
				PRODUCT_NAME = "$(TARGET_NAME)";
				SKIP_INSTALL = YES;
				UNLOCALIZED_RESOURCES_FOLDER_PATH = "$(CONTENTS_FOLDER_PATH)/Resources";
				WRAPPER_EXTENSION = framework;
			};
			name = Debug;
		};
		39D2962C13D36357002A9A10 /* Release */ = {
			isa = XCBuildConfiguration;
			buildSettings = {
				ALWAYS_SEARCH_USER_PATHS = NO;
				CONTENTS_FOLDER_PATH = "$(WRAPPER_NAME)/Versions/$(FRAMEWORK_VERSION)";
				DEAD_CODE_STRIPPING = NO;
				DEPLOYMENT_POSTPROCESSING = YES;
				DYLIB_COMPATIBILITY_VERSION = 1;
				DYLIB_CURRENT_VERSION = 1;
				FRAMEWORK_VERSION = A;
				GCC_PRECOMPILE_PREFIX_HEADER = YES;
				GCC_PREFIX_HEADER = "KIF/KIF-Prefix.pch";
				INFOPLIST_FILE = "KIF/KIF-Info.plist";
				INFOPLIST_PATH = "$(UNLOCALIZED_RESOURCES_FOLDER_PATH)/Info.plist";
				INSTALL_PATH = "$(BUILT_PRODUCTS_DIR)";
				LINK_WITH_STANDARD_LIBRARIES = NO;
				MACH_O_TYPE = mh_object;
				PRODUCT_NAME = "$(TARGET_NAME)";
				SKIP_INSTALL = YES;
				UNLOCALIZED_RESOURCES_FOLDER_PATH = "$(CONTENTS_FOLDER_PATH)/Resources";
				WRAPPER_EXTENSION = framework;
			};
			name = Release;
		};
		39D2962E13D36357002A9A10 /* Debug */ = {
			isa = XCBuildConfiguration;
			buildSettings = {
				ALWAYS_SEARCH_USER_PATHS = NO;
				FRAMEWORK_SEARCH_PATHS = (
					"$(SDKROOT)/Developer/Library/Frameworks",
					"$(DEVELOPER_LIBRARY_DIR)/Frameworks",
				);
				GCC_PRECOMPILE_PREFIX_HEADER = YES;
				GCC_PREFIX_HEADER = "KIFTests/KIFTests-Prefix.pch";
				INFOPLIST_FILE = "KIFTests/KIFTests-Info.plist";
				OTHER_LDFLAGS = (
					"-framework",
					SenTestingKit,
					"-framework",
					.fake_fw_testing,
				);
				PRODUCT_NAME = "$(TARGET_NAME)";
				WRAPPER_EXTENSION = octest;
			};
			name = Debug;
		};
		39D2962F13D36357002A9A10 /* Release */ = {
			isa = XCBuildConfiguration;
			buildSettings = {
				ALWAYS_SEARCH_USER_PATHS = NO;
				FRAMEWORK_SEARCH_PATHS = (
					"$(SDKROOT)/Developer/Library/Frameworks",
					"$(DEVELOPER_LIBRARY_DIR)/Frameworks",
				);
				GCC_PRECOMPILE_PREFIX_HEADER = YES;
				GCC_PREFIX_HEADER = "KIFTests/KIFTests-Prefix.pch";
				INFOPLIST_FILE = "KIFTests/KIFTests-Info.plist";
				OTHER_LDFLAGS = (
					"-framework",
					SenTestingKit,
					"-framework",
					.fake_fw_testing,
				);
				PRODUCT_NAME = "$(TARGET_NAME)";
				WRAPPER_EXTENSION = octest;
			};
			name = Release;
		};
/* End XCBuildConfiguration section */

/* Begin XCConfigurationList section */
		39D295FB13D36357002A9A10 /* Build configuration list for PBXProject "KIF" */ = {
			isa = XCConfigurationList;
			buildConfigurations = (
				39D2962813D36357002A9A10 /* Debug */,
				39D2962913D36357002A9A10 /* Release */,
			);
			defaultConfigurationIsVisible = 0;
			defaultConfigurationName = Release;
		};
		39D2962A13D36357002A9A10 /* Build configuration list for PBXNativeTarget "KIF" */ = {
			isa = XCConfigurationList;
			buildConfigurations = (
				39D2962B13D36357002A9A10 /* Debug */,
				39D2962C13D36357002A9A10 /* Release */,
			);
			defaultConfigurationIsVisible = 0;
			defaultConfigurationName = Release;
		};
		39D2962D13D36357002A9A10 /* Build configuration list for PBXNativeTarget "KIFTests" */ = {
			isa = XCConfigurationList;
			buildConfigurations = (
				39D2962E13D36357002A9A10 /* Debug */,
				39D2962F13D36357002A9A10 /* Release */,
			);
			defaultConfigurationIsVisible = 0;
			defaultConfigurationName = Release;
		};
/* End XCConfigurationList section */
	};
	rootObject = 39D295F813D36357002A9A10 /* Project object */;
}
