// !$*UTF8*$!
{
	archiveVersion = 1;
	classes = {
	};
	objectVersion = 46;
	objects = {

/* Begin PBXBuildFile section */
		39160B1113D1E6BB00311E38 /* LoadableCategory.h in Headers */ = {isa = PBXBuildFile; fileRef = 39160B1013D1E6BB00311E38 /* LoadableCategory.h */; };
		AAB0726C139719AC008AF393 /* Foundation.framework in Frameworks */ = {isa = PBXBuildFile; fileRef = AAB0726B139719AC008AF393 /* Foundation.framework */; };
		AAB0728213971A63008AF393 /* KIF-Prefix.pch in Headers */ = {isa = PBXBuildFile; fileRef = AAB0728113971A63008AF393 /* KIF-Prefix.pch */; };
		AAB0728D13971A98008AF393 /* KIFTestController.h in Headers */ = {isa = PBXBuildFile; fileRef = AAB0728613971A98008AF393 /* KIFTestController.h */; };
		AAB0728E13971A98008AF393 /* KIFTestController.m in Sources */ = {isa = PBXBuildFile; fileRef = AAB0728713971A98008AF393 /* KIFTestController.m */; };
		AAB0728F13971A98008AF393 /* KIFTestScenario.h in Headers */ = {isa = PBXBuildFile; fileRef = AAB0728813971A98008AF393 /* KIFTestScenario.h */; };
		AAB0729013971A98008AF393 /* KIFTestScenario.m in Sources */ = {isa = PBXBuildFile; fileRef = AAB0728913971A98008AF393 /* KIFTestScenario.m */; };
		AAB0729113971A98008AF393 /* KIFTestStep.h in Headers */ = {isa = PBXBuildFile; fileRef = AAB0728A13971A98008AF393 /* KIFTestStep.h */; };
		AAB0729213971A98008AF393 /* KIFTestStep.m in Sources */ = {isa = PBXBuildFile; fileRef = AAB0728B13971A98008AF393 /* KIFTestStep.m */; };
		AAB072A413971AB2008AF393 /* CGGeometry-KIFAdditions.h in Headers */ = {isa = PBXBuildFile; fileRef = AAB0729413971AB2008AF393 /* CGGeometry-KIFAdditions.h */; };
		AAB072A513971AB2008AF393 /* CGGeometry-KIFAdditions.m in Sources */ = {isa = PBXBuildFile; fileRef = AAB0729513971AB2008AF393 /* CGGeometry-KIFAdditions.m */; };
		AAB072A613971AB2008AF393 /* UIAccessibilityElement-KIFAdditions.h in Headers */ = {isa = PBXBuildFile; fileRef = AAB0729613971AB2008AF393 /* UIAccessibilityElement-KIFAdditions.h */; };
		AAB072A713971AB2008AF393 /* UIAccessibilityElement-KIFAdditions.m in Sources */ = {isa = PBXBuildFile; fileRef = AAB0729713971AB2008AF393 /* UIAccessibilityElement-KIFAdditions.m */; };
		AAB072A813971AB2008AF393 /* UIApplication-KIFAdditions.h in Headers */ = {isa = PBXBuildFile; fileRef = AAB0729813971AB2008AF393 /* UIApplication-KIFAdditions.h */; };
		AAB072A913971AB2008AF393 /* UIApplication-KIFAdditions.m in Sources */ = {isa = PBXBuildFile; fileRef = AAB0729913971AB2008AF393 /* UIApplication-KIFAdditions.m */; };
		AAB072AA13971AB2008AF393 /* UIScrollView-KIFAdditions.h in Headers */ = {isa = PBXBuildFile; fileRef = AAB0729A13971AB2008AF393 /* UIScrollView-KIFAdditions.h */; };
		AAB072AB13971AB2008AF393 /* UIScrollView-KIFAdditions.m in Sources */ = {isa = PBXBuildFile; fileRef = AAB0729B13971AB2008AF393 /* UIScrollView-KIFAdditions.m */; };
		AAB072AC13971AB2008AF393 /* UITouch-KIFAdditions.h in Headers */ = {isa = PBXBuildFile; fileRef = AAB0729C13971AB2008AF393 /* UITouch-KIFAdditions.h */; };
		AAB072AD13971AB2008AF393 /* UITouch-KIFAdditions.m in Sources */ = {isa = PBXBuildFile; fileRef = AAB0729D13971AB2008AF393 /* UITouch-KIFAdditions.m */; };
		AAB072B013971AB2008AF393 /* UIView-KIFAdditions.h in Headers */ = {isa = PBXBuildFile; fileRef = AAB072A013971AB2008AF393 /* UIView-KIFAdditions.h */; };
		AAB072B113971AB2008AF393 /* UIView-KIFAdditions.m in Sources */ = {isa = PBXBuildFile; fileRef = AAB072A113971AB2008AF393 /* UIView-KIFAdditions.m */; };
		AAB072B213971AB2008AF393 /* UIWindow-KIFAdditions.h in Headers */ = {isa = PBXBuildFile; fileRef = AAB072A213971AB2008AF393 /* UIWindow-KIFAdditions.h */; };
		AAB072B313971AB2008AF393 /* UIWindow-KIFAdditions.m in Sources */ = {isa = PBXBuildFile; fileRef = AAB072A313971AB2008AF393 /* UIWindow-KIFAdditions.m */; };
		AAB072B513971AEA008AF393 /* UIKit.framework in Frameworks */ = {isa = PBXBuildFile; fileRef = AAB072B413971AEA008AF393 /* UIKit.framework */; };
		CDFD8E86139728B4008D299F /* NSFileManager-KIFAdditions.h in Headers */ = {isa = PBXBuildFile; fileRef = CDFD8E84139728B4008D299F /* NSFileManager-KIFAdditions.h */; };
		CDFD8E87139728B4008D299F /* NSFileManager-KIFAdditions.m in Sources */ = {isa = PBXBuildFile; fileRef = CDFD8E85139728B4008D299F /* NSFileManager-KIFAdditions.m */; };
/* End PBXBuildFile section */

/* Begin PBXFileReference section */
		39160B1013D1E6BB00311E38 /* LoadableCategory.h */ = {isa = PBXFileReference; fileEncoding = 4; lastKnownFileType = sourcecode.c.h; path = LoadableCategory.h; sourceTree = "<group>"; };
		AAB07268139719AC008AF393 /* libKIF.a */ = {isa = PBXFileReference; explicitFileType = archive.ar; includeInIndex = 0; path = libKIF.a; sourceTree = BUILT_PRODUCTS_DIR; };
		AAB0726B139719AC008AF393 /* Foundation.framework */ = {isa = PBXFileReference; lastKnownFileType = wrapper.framework; name = Foundation.framework; path = System/Library/Frameworks/Foundation.framework; sourceTree = SDKROOT; };
		AAB0728113971A63008AF393 /* KIF-Prefix.pch */ = {isa = PBXFileReference; fileEncoding = 4; lastKnownFileType = sourcecode.c.h; name = "KIF-Prefix.pch"; path = "Classes/KIF-Prefix.pch"; sourceTree = SOURCE_ROOT; };
		AAB0728513971A98008AF393 /* KIF-Prefix.pch */ = {isa = PBXFileReference; fileEncoding = 4; lastKnownFileType = sourcecode.c.h; path = "KIF-Prefix.pch"; sourceTree = "<group>"; };
		AAB0728613971A98008AF393 /* KIFTestController.h */ = {isa = PBXFileReference; fileEncoding = 4; lastKnownFileType = sourcecode.c.h; path = KIFTestController.h; sourceTree = "<group>"; };
		AAB0728713971A98008AF393 /* KIFTestController.m */ = {isa = PBXFileReference; fileEncoding = 4; lastKnownFileType = sourcecode.c.objc; path = KIFTestController.m; sourceTree = "<group>"; };
		AAB0728813971A98008AF393 /* KIFTestScenario.h */ = {isa = PBXFileReference; fileEncoding = 4; lastKnownFileType = sourcecode.c.h; path = KIFTestScenario.h; sourceTree = "<group>"; };
		AAB0728913971A98008AF393 /* KIFTestScenario.m */ = {isa = PBXFileReference; fileEncoding = 4; lastKnownFileType = sourcecode.c.objc; path = KIFTestScenario.m; sourceTree = "<group>"; };
		AAB0728A13971A98008AF393 /* KIFTestStep.h */ = {isa = PBXFileReference; fileEncoding = 4; lastKnownFileType = sourcecode.c.h; path = KIFTestStep.h; sourceTree = "<group>"; };
		AAB0728B13971A98008AF393 /* KIFTestStep.m */ = {isa = PBXFileReference; fileEncoding = 4; lastKnownFileType = sourcecode.c.objc; path = KIFTestStep.m; sourceTree = "<group>"; };
		AAB0729413971AB2008AF393 /* CGGeometry-KIFAdditions.h */ = {isa = PBXFileReference; fileEncoding = 4; lastKnownFileType = sourcecode.c.h; path = "CGGeometry-KIFAdditions.h"; sourceTree = "<group>"; };
		AAB0729513971AB2008AF393 /* CGGeometry-KIFAdditions.m */ = {isa = PBXFileReference; fileEncoding = 4; lastKnownFileType = sourcecode.c.objc; path = "CGGeometry-KIFAdditions.m"; sourceTree = "<group>"; };
		AAB0729613971AB2008AF393 /* UIAccessibilityElement-KIFAdditions.h */ = {isa = PBXFileReference; fileEncoding = 4; lastKnownFileType = sourcecode.c.h; path = "UIAccessibilityElement-KIFAdditions.h"; sourceTree = "<group>"; };
		AAB0729713971AB2008AF393 /* UIAccessibilityElement-KIFAdditions.m */ = {isa = PBXFileReference; fileEncoding = 4; lastKnownFileType = sourcecode.c.objc; path = "UIAccessibilityElement-KIFAdditions.m"; sourceTree = "<group>"; };
		AAB0729813971AB2008AF393 /* UIApplication-KIFAdditions.h */ = {isa = PBXFileReference; fileEncoding = 4; lastKnownFileType = sourcecode.c.h; path = "UIApplication-KIFAdditions.h"; sourceTree = "<group>"; };
		AAB0729913971AB2008AF393 /* UIApplication-KIFAdditions.m */ = {isa = PBXFileReference; fileEncoding = 4; lastKnownFileType = sourcecode.c.objc; path = "UIApplication-KIFAdditions.m"; sourceTree = "<group>"; };
		AAB0729A13971AB2008AF393 /* UIScrollView-KIFAdditions.h */ = {isa = PBXFileReference; fileEncoding = 4; lastKnownFileType = sourcecode.c.h; path = "UIScrollView-KIFAdditions.h"; sourceTree = "<group>"; };
		AAB0729B13971AB2008AF393 /* UIScrollView-KIFAdditions.m */ = {isa = PBXFileReference; fileEncoding = 4; lastKnownFileType = sourcecode.c.objc; path = "UIScrollView-KIFAdditions.m"; sourceTree = "<group>"; };
		AAB0729C13971AB2008AF393 /* UITouch-KIFAdditions.h */ = {isa = PBXFileReference; fileEncoding = 4; lastKnownFileType = sourcecode.c.h; path = "UITouch-KIFAdditions.h"; sourceTree = "<group>"; };
		AAB0729D13971AB2008AF393 /* UITouch-KIFAdditions.m */ = {isa = PBXFileReference; fileEncoding = 4; lastKnownFileType = sourcecode.c.objc; path = "UITouch-KIFAdditions.m"; sourceTree = "<group>"; };
		AAB072A013971AB2008AF393 /* UIView-KIFAdditions.h */ = {isa = PBXFileReference; fileEncoding = 4; lastKnownFileType = sourcecode.c.h; path = "UIView-KIFAdditions.h"; sourceTree = "<group>"; };
		AAB072A113971AB2008AF393 /* UIView-KIFAdditions.m */ = {isa = PBXFileReference; fileEncoding = 4; lastKnownFileType = sourcecode.c.objc; path = "UIView-KIFAdditions.m"; sourceTree = "<group>"; };
		AAB072A213971AB2008AF393 /* UIWindow-KIFAdditions.h */ = {isa = PBXFileReference; fileEncoding = 4; lastKnownFileType = sourcecode.c.h; path = "UIWindow-KIFAdditions.h"; sourceTree = "<group>"; };
		AAB072A313971AB2008AF393 /* UIWindow-KIFAdditions.m */ = {isa = PBXFileReference; fileEncoding = 4; lastKnownFileType = sourcecode.c.objc; path = "UIWindow-KIFAdditions.m"; sourceTree = "<group>"; };
		AAB072B413971AEA008AF393 /* UIKit.framework */ = {isa = PBXFileReference; lastKnownFileType = wrapper.framework; name = UIKit.framework; path = System/Library/Frameworks/UIKit.framework; sourceTree = SDKROOT; };
		CDFD8E84139728B4008D299F /* NSFileManager-KIFAdditions.h */ = {isa = PBXFileReference; fileEncoding = 4; lastKnownFileType = sourcecode.c.h; path = "NSFileManager-KIFAdditions.h"; sourceTree = "<group>"; };
		CDFD8E85139728B4008D299F /* NSFileManager-KIFAdditions.m */ = {isa = PBXFileReference; fileEncoding = 4; lastKnownFileType = sourcecode.c.objc; path = "NSFileManager-KIFAdditions.m"; sourceTree = "<group>"; };
/* End PBXFileReference section */

/* Begin PBXFrameworksBuildPhase section */
		AAB07265139719AC008AF393 /* Frameworks */ = {
			isa = PBXFrameworksBuildPhase;
			buildActionMask = 2147483647;
			files = (
				AAB0726C139719AC008AF393 /* Foundation.framework in Frameworks */,
				AAB072B513971AEA008AF393 /* UIKit.framework in Frameworks */,
			);
			runOnlyForDeploymentPostprocessing = 0;
		};
/* End PBXFrameworksBuildPhase section */

/* Begin PBXGroup section */
		AAB0725D139719AC008AF393 = {
			isa = PBXGroup;
			children = (
				AAB0729313971AB2008AF393 /* Additions */,
				AAB0728413971A98008AF393 /* Classes */,
				AAB0726E139719AC008AF393 /* Supporting Files */,
				AAB0726A139719AC008AF393 /* Frameworks */,
				AAB07269139719AC008AF393 /* Products */,
			);
			sourceTree = "<group>";
		};
		AAB07269139719AC008AF393 /* Products */ = {
			isa = PBXGroup;
			children = (
				AAB07268139719AC008AF393 /* libKIF.a */,
			);
			name = Products;
			sourceTree = "<group>";
		};
		AAB0726A139719AC008AF393 /* Frameworks */ = {
			isa = PBXGroup;
			children = (
				AAB072B413971AEA008AF393 /* UIKit.framework */,
				AAB0726B139719AC008AF393 /* Foundation.framework */,
			);
			name = Frameworks;
			sourceTree = "<group>";
		};
		AAB0726E139719AC008AF393 /* Supporting Files */ = {
			isa = PBXGroup;
			children = (
				AAB0728113971A63008AF393 /* KIF-Prefix.pch */,
			);
			name = "Supporting Files";
			path = KIF;
			sourceTree = "<group>";
		};
		AAB0728413971A98008AF393 /* Classes */ = {
			isa = PBXGroup;
			children = (
				AAB0728513971A98008AF393 /* KIF-Prefix.pch */,
				AAB0728613971A98008AF393 /* KIFTestController.h */,
				AAB0728713971A98008AF393 /* KIFTestController.m */,
				AAB0728813971A98008AF393 /* KIFTestScenario.h */,
				AAB0728913971A98008AF393 /* KIFTestScenario.m */,
				AAB0728A13971A98008AF393 /* KIFTestStep.h */,
				AAB0728B13971A98008AF393 /* KIFTestStep.m */,
			);
			path = Classes;
			sourceTree = "<group>";
		};
		AAB0729313971AB2008AF393 /* Additions */ = {
			isa = PBXGroup;
			children = (
				39160B1013D1E6BB00311E38 /* LoadableCategory.h */,
				AAB0729413971AB2008AF393 /* CGGeometry-KIFAdditions.h */,
				AAB0729513971AB2008AF393 /* CGGeometry-KIFAdditions.m */,
				CDFD8E84139728B4008D299F /* NSFileManager-KIFAdditions.h */,
				CDFD8E85139728B4008D299F /* NSFileManager-KIFAdditions.m */,
				AAB0729613971AB2008AF393 /* UIAccessibilityElement-KIFAdditions.h */,
				AAB0729713971AB2008AF393 /* UIAccessibilityElement-KIFAdditions.m */,
				AAB0729813971AB2008AF393 /* UIApplication-KIFAdditions.h */,
				AAB0729913971AB2008AF393 /* UIApplication-KIFAdditions.m */,
				AAB0729A13971AB2008AF393 /* UIScrollView-KIFAdditions.h */,
				AAB0729B13971AB2008AF393 /* UIScrollView-KIFAdditions.m */,
				AAB0729C13971AB2008AF393 /* UITouch-KIFAdditions.h */,
				AAB0729D13971AB2008AF393 /* UITouch-KIFAdditions.m */,
				AAB072A013971AB2008AF393 /* UIView-KIFAdditions.h */,
				AAB072A113971AB2008AF393 /* UIView-KIFAdditions.m */,
				AAB072A213971AB2008AF393 /* UIWindow-KIFAdditions.h */,
				AAB072A313971AB2008AF393 /* UIWindow-KIFAdditions.m */,
			);
			path = Additions;
			sourceTree = "<group>";
		};
/* End PBXGroup section */

/* Begin PBXHeadersBuildPhase section */
		AAB07266139719AC008AF393 /* Headers */ = {
			isa = PBXHeadersBuildPhase;
			buildActionMask = 2147483647;
			files = (
				AAB0728213971A63008AF393 /* KIF-Prefix.pch in Headers */,
				AAB0728D13971A98008AF393 /* KIFTestController.h in Headers */,
				AAB0728F13971A98008AF393 /* KIFTestScenario.h in Headers */,
				AAB0729113971A98008AF393 /* KIFTestStep.h in Headers */,
				AAB072A413971AB2008AF393 /* CGGeometry-KIFAdditions.h in Headers */,
				AAB072A613971AB2008AF393 /* UIAccessibilityElement-KIFAdditions.h in Headers */,
				AAB072A813971AB2008AF393 /* UIApplication-KIFAdditions.h in Headers */,
				AAB072AA13971AB2008AF393 /* UIScrollView-KIFAdditions.h in Headers */,
				AAB072AC13971AB2008AF393 /* UITouch-KIFAdditions.h in Headers */,
				AAB072B013971AB2008AF393 /* UIView-KIFAdditions.h in Headers */,
				AAB072B213971AB2008AF393 /* UIWindow-KIFAdditions.h in Headers */,
				CDFD8E86139728B4008D299F /* NSFileManager-KIFAdditions.h in Headers */,
				39160B1113D1E6BB00311E38 /* LoadableCategory.h in Headers */,
			);
			runOnlyForDeploymentPostprocessing = 0;
		};
/* End PBXHeadersBuildPhase section */

/* Begin PBXNativeTarget section */
		AAB07267139719AC008AF393 /* KIF */ = {
			isa = PBXNativeTarget;
			buildConfigurationList = AAB07272139719AC008AF393 /* Build configuration list for PBXNativeTarget "KIF" */;
			buildPhases = (
				AAB07264139719AC008AF393 /* Sources */,
				AAB07265139719AC008AF393 /* Frameworks */,
				AAB07266139719AC008AF393 /* Headers */,
				14AF302614D9EFD100E68CF4 /* ShellScript */,
			);
			buildRules = (
			);
			dependencies = (
			);
			name = KIF;
			productName = KIF;
			productReference = AAB07268139719AC008AF393 /* libKIF.a */;
			productType = "com.apple.product-type.library.static";
		};
/* End PBXNativeTarget section */

/* Begin PBXProject section */
		AAB0725F139719AC008AF393 /* Project object */ = {
			isa = PBXProject;
			attributes = {
				LastUpgradeCheck = 0430;
			};
			buildConfigurationList = AAB07262139719AC008AF393 /* Build configuration list for PBXProject "KIF" */;
			compatibilityVersion = "Xcode 3.2";
			developmentRegion = English;
			hasScannedForEncodings = 0;
			knownRegions = (
				en,
			);
			mainGroup = AAB0725D139719AC008AF393;
			productRefGroup = AAB07269139719AC008AF393 /* Products */;
			projectDirPath = "";
			projectRoot = "";
			targets = (
				AAB07267139719AC008AF393 /* KIF */,
			);
		};
/* End PBXProject section */

/* Begin PBXShellScriptBuildPhase section */
		14AF302614D9EFD100E68CF4 /* ShellScript */ = {
			isa = PBXShellScriptBuildPhase;
			buildActionMask = 2147483647;
			files = (
			);
			inputPaths = (
			);
			outputPaths = (
			);
			runOnlyForDeploymentPostprocessing = 0;
			shellPath = /bin/sh;
			shellScript = "# Version 2.0 (updated for Xcode 4, with some fixes)\n# Changes:\n#    - Works with xcode 4, even when running xcode 3 projects (Workarounds for apple bugs)\n#    - Faster / better: only runs lipo once, instead of once per recursion\n#    - Added some debugging statemetns that can be switched on/off by changing the DEBUG_THIS_SCRIPT variable to \"true\"\n#    - Fixed some typos\n# \n# Purpose:\n#   Create a static library for iPhone from within XCode\n#   Because Apple staff DELIBERATELY broke Xcode to make this impossible from the GUI (Xcode 3.2.3 specifically states this in the Release notes!)\n#   ...no, I don't understand why they did this!\n#\n# Author: Adam Martin - http://twitter.com/redglassesapps\n# Based on: original script from Eonil (main changes: Eonil's script WILL NOT WORK in Xcode GUI - it WILL CRASH YOUR COMPUTER)\n#\n# More info: see this Stack Overflow question: http://stackoverflow.com/questions/3520977/build-fat-static-library-device-simulator-using-xcode-and-sdk-4\n\n#################[ Tests: helps workaround any future bugs in Xcode ]########\n#\nDEBUG_THIS_SCRIPT=\"false\"\n\nif [ $DEBUG_THIS_SCRIPT = \"true\" ]\nthen\necho \"########### TESTS #############\"\necho \"Use the following variables when debugging this script; note that they may change on recursions\"\necho \"BUILD_DIR = $BUILD_DIR\"\necho \"BUILD_ROOT = $BUILD_ROOT\"\necho \"CONFIGURATION_BUILD_DIR = $CONFIGURATION_BUILD_DIR\"\necho \"BUILT_PRODUCTS_DIR = $BUILT_PRODUCTS_DIR\"\necho \"CONFIGURATION_TEMP_DIR = $CONFIGURATION_TEMP_DIR\"\necho \"TARGET_BUILD_DIR = $TARGET_BUILD_DIR\"\nfi\n\n#####################[ part 1 ]##################\n# First, work out the BASESDK version number (NB: Apple ought to report this, but they hide it)\n#    (incidental: searching for substrings in sh is a nightmare! Sob)\n\nSDK_VERSION=$(echo ${SDK_NAME} | grep -o '.\\{3\\}$')\n\n# Next, work out if we're in SIM or DEVICE\n\nif [ ${PLATFORM_NAME} = \"iphonesimulator\" ]\nthen\nOTHER_SDK_TO_BUILD=iphoneos${SDK_VERSION}\nelse\nOTHER_SDK_TO_BUILD=iphonesimulator${SDK_VERSION}\nfi\n\necho \"XCode has selected SDK: ${PLATFORM_NAME} with version: ${SDK_VERSION} (although back-targetting: ${IPHONEOS_DEPLOYMENT_TARGET})\"\necho \"...therefore, OTHER_SDK_TO_BUILD = ${OTHER_SDK_TO_BUILD}\"\n#\n#####################[ end of part 1 ]##################\n\n#####################[ part 2 ]##################\n#\n# IF this is the original invocation, invoke WHATEVER other builds are required\n#\n# Xcode is already building ONE target...\n#\n# ...but this is a LIBRARY, so Apple is wrong to set it to build just one.\n# ...we need to build ALL targets\n# ...we MUST NOT re-build the target that is ALREADY being built: Xcode WILL CRASH YOUR COMPUTER if you try this (infinite recursion!)\n#\n#\n# So: build ONLY the missing platforms/configurations.\n\nif [ \"true\" == ${ALREADYINVOKED:-false} ]\nthen\necho \"RECURSION: I am NOT the root invocation, so I'm NOT going to recurse\"\nelse\n# CRITICAL:\n# Prevent infinite recursion (Xcode sucks)\nexport ALREADYINVOKED=\"true\"\n\necho \"RECURSION: I am the root ... recursing all missing build targets NOW...\"\necho \"RECURSION: ...about to invoke: xcodebuild -configuration \\\"${CONFIGURATION}\\\" -target \\\"${TARGET_NAME}\\\" -sdk \\\"${OTHER_SDK_TO_BUILD}\\\" ${ACTION} RUN_CLANG_STATIC_ANALYZER=NO\"\nxcodebuild -configuration \"${CONFIGURATION}\" -target \"${TARGET_NAME}\" -sdk \"${OTHER_SDK_TO_BUILD}\" ${ACTION} RUN_CLANG_STATIC_ANALYZER=NO BUILD_DIR=\"${BUILD_DIR}\" BUILD_ROOT=\"${BUILD_ROOT}\"\n\nACTION=\"build\"\n\n#Merge all platform binaries as a fat binary for each configurations.\n\n# Calculate where the (multiple) built files are coming from:\nCURRENTCONFIG_DEVICE_DIR=${SYMROOT}/${CONFIGURATION}-iphoneos\nCURRENTCONFIG_SIMULATOR_DIR=${SYMROOT}/${CONFIGURATION}-iphonesimulator\n\necho \"Taking device build from: ${CURRENTCONFIG_DEVICE_DIR}\"\necho \"Taking simulator build from: ${CURRENTCONFIG_SIMULATOR_DIR}\"\n\nCREATING_UNIVERSAL_DIR=${SYMROOT}/${CONFIGURATION}-universal\necho \"...I will output a universal build to: ${CREATING_UNIVERSAL_DIR}\"\n\n# ... remove the products of previous runs of this script\n#      NB: this directory is ONLY created by this script - it should be safe to delete!\n\nrm -rf \"${CREATING_UNIVERSAL_DIR}\"\nmkdir \"${CREATING_UNIVERSAL_DIR}\"\n\n#\necho \"lipo: for current configuration (${CONFIGURATION}) creating output file: ${CREATING_UNIVERSAL_DIR}/${EXECUTABLE_NAME}\"\nlipo -create -output \"${CREATING_UNIVERSAL_DIR}/${EXECUTABLE_NAME}\" \"${CURRENTCONFIG_DEVICE_DIR}/${EXECUTABLE_NAME}\" \"${CURRENTCONFIG_SIMULATOR_DIR}/${EXECUTABLE_NAME}\"\n\n#########\n#\n# Added: StackOverflow suggestion to also copy \"include\" files\n#    (untested, but should work OK)\n#\nif [ -d \"${CURRENTCONFIG_DEVICE_DIR}/usr/local/include\" ]\nthen\nmkdir -p \"${CREATING_UNIVERSAL_DIR}/usr/local/include\"\n# * needs to be outside the double quotes?\ncp \"${CURRENTCONFIG_DEVICE_DIR}/usr/local/include/\"* \"${CREATING_UNIVERSAL_DIR}/usr/local/include\"\nfi\nfi";
		};
/* End PBXShellScriptBuildPhase section */

/* Begin PBXSourcesBuildPhase section */
		AAB07264139719AC008AF393 /* Sources */ = {
			isa = PBXSourcesBuildPhase;
			buildActionMask = 2147483647;
			files = (
				AAB0728E13971A98008AF393 /* KIFTestController.m in Sources */,
				AAB0729013971A98008AF393 /* KIFTestScenario.m in Sources */,
				AAB0729213971A98008AF393 /* KIFTestStep.m in Sources */,
				AAB072A513971AB2008AF393 /* CGGeometry-KIFAdditions.m in Sources */,
				AAB072A713971AB2008AF393 /* UIAccessibilityElement-KIFAdditions.m in Sources */,
				AAB072A913971AB2008AF393 /* UIApplication-KIFAdditions.m in Sources */,
				AAB072AB13971AB2008AF393 /* UIScrollView-KIFAdditions.m in Sources */,
				AAB072AD13971AB2008AF393 /* UITouch-KIFAdditions.m in Sources */,
				AAB072B113971AB2008AF393 /* UIView-KIFAdditions.m in Sources */,
				AAB072B313971AB2008AF393 /* UIWindow-KIFAdditions.m in Sources */,
				CDFD8E87139728B4008D299F /* NSFileManager-KIFAdditions.m in Sources */,
			);
			runOnlyForDeploymentPostprocessing = 0;
		};
/* End PBXSourcesBuildPhase section */

/* Begin XCBuildConfiguration section */
		AAB07270139719AC008AF393 /* Debug */ = {
			isa = XCBuildConfiguration;
			buildSettings = {
				ARCHS = "$(ARCHS_STANDARD_32_BIT)";
				GCC_C_LANGUAGE_STANDARD = gnu99;
				GCC_OPTIMIZATION_LEVEL = 0;
				GCC_PREPROCESSOR_DEFINITIONS = DEBUG;
				GCC_SYMBOLS_PRIVATE_EXTERN = NO;
				GCC_VERSION = com.apple.compilers.llvmgcc42;
				GCC_WARN_ABOUT_MISSING_PROTOTYPES = YES;
				GCC_WARN_ABOUT_RETURN_TYPE = YES;
				GCC_WARN_UNUSED_VARIABLE = YES;
				IPHONEOS_DEPLOYMENT_TARGET = 4.3;
				SDKROOT = iphoneos;
			};
			name = Debug;
		};
		AAB07271139719AC008AF393 /* Release */ = {
			isa = XCBuildConfiguration;
			buildSettings = {
				ARCHS = "$(ARCHS_STANDARD_32_BIT)";
				GCC_C_LANGUAGE_STANDARD = gnu99;
				GCC_VERSION = com.apple.compilers.llvmgcc42;
				GCC_WARN_ABOUT_MISSING_PROTOTYPES = YES;
				GCC_WARN_ABOUT_RETURN_TYPE = YES;
				GCC_WARN_UNUSED_VARIABLE = YES;
				IPHONEOS_DEPLOYMENT_TARGET = 4.3;
				SDKROOT = iphoneos;
			};
			name = Release;
		};
		AAB07273139719AC008AF393 /* Debug */ = {
			isa = XCBuildConfiguration;
			buildSettings = {
				ALWAYS_SEARCH_USER_PATHS = NO;
				ARCHS = (
					armv6,
					"$(ARCHS_STANDARD_32_BIT)",
				);
				DSTROOT = /tmp/KIF.dst;
				GCC_PRECOMPILE_PREFIX_HEADER = YES;
				GCC_PREFIX_HEADER = "Classes/KIF-Prefix.pch";
				GCC_VERSION = com.apple.compilers.llvm.clang.1_0;
				OTHER_LDFLAGS = "-ObjC";
				PRODUCT_NAME = "$(TARGET_NAME)";
			};
			name = Debug;
		};
		AAB07274139719AC008AF393 /* Release */ = {
			isa = XCBuildConfiguration;
			buildSettings = {
				ALWAYS_SEARCH_USER_PATHS = NO;
				ARCHS = (
					armv6,
					"$(ARCHS_STANDARD_32_BIT)",
				);
				DSTROOT = /tmp/KIF.dst;
				GCC_PRECOMPILE_PREFIX_HEADER = YES;
				GCC_PREFIX_HEADER = "Classes/KIF-Prefix.pch";
				GCC_VERSION = com.apple.compilers.llvm.clang.1_0;
				OTHER_LDFLAGS = "-ObjC";
				PRODUCT_NAME = "$(TARGET_NAME)";
			};
			name = Release;
		};
/* End XCBuildConfiguration section */

/* Begin XCConfigurationList section */
		AAB07262139719AC008AF393 /* Build configuration list for PBXProject "KIF" */ = {
			isa = XCConfigurationList;
			buildConfigurations = (
				AAB07270139719AC008AF393 /* Debug */,
				AAB07271139719AC008AF393 /* Release */,
			);
			defaultConfigurationIsVisible = 0;
			defaultConfigurationName = Release;
		};
		AAB07272139719AC008AF393 /* Build configuration list for PBXNativeTarget "KIF" */ = {
			isa = XCConfigurationList;
			buildConfigurations = (
				AAB07273139719AC008AF393 /* Debug */,
				AAB07274139719AC008AF393 /* Release */,
			);
			defaultConfigurationIsVisible = 0;
			defaultConfigurationName = Release;
		};
/* End XCConfigurationList section */
	};
	rootObject = AAB0725F139719AC008AF393 /* Project object */;
}
